
Microsoft Visual Studio Solution File, Format Version 12.00
# Visual Studio Version 16
VisualStudioVersion = 16.0.31613.86
MinimumVisualStudioVersion = 10.0.40219.1
Project("{FAE04EC0-301F-11D3-BF4B-00C04F79EFBC}") = "WebApplication2", "WebApplication2.csproj", "{FDD3E7DD-C273-4F42-A3F5-60873F23AC69}"
EndProject
Global
	GlobalSection(SolutionConfigurationPlatforms) = preSolution
		Debug|Any CPU = Debug|Any CPU
		Release|Any CPU = Release|Any CPU
	EndGlobalSection
	GlobalSection(ProjectConfigurationPlatforms) = postSolution
		{FDD3E7DD-C273-4F42-A3F5-60873F23AC69}.Debug|Any CPU.ActiveCfg = Debug|Any CPU
		{FDD3E7DD-C273-4F42-A3F5-60873F23AC69}.Debug|Any CPU.Build.0 = Debug|Any CPU
		{FDD3E7DD-C273-4F42-A3F5-60873F23AC69}.Release|Any CPU.ActiveCfg = Release|Any CPU
		{FDD3E7DD-C273-4F42-A3F5-60873F23AC69}.Release|Any CPU.Build.0 = Release|Any CPU
	EndGlobalSection
	GlobalSection(SolutionProperties) = preSolution
		HideSolutionNode = FALSE
	EndGlobalSection
	GlobalSection(ExtensibilityGlobals) = postSolution
		SolutionGuid = {100B937E-61B0-4B6D-AF40-4D00F1A91B2E}
	EndGlobalSection
EndGlobal
