
Microsoft Visual Studio Solution File, Format Version 12.00
# Visual Studio Version 16
VisualStudioVersion = 16.0.31613.86
MinimumVisualStudioVersion = 10.0.40219.1
Project("{FAE04EC0-301F-11D3-BF4B-00C04F79EFBC}") = "Esperiencia 03-B", "Esperiencia 03-B.csproj", "{679A2DA3-00B1-432E-8977-EEE9BDB392FA}"
EndProject
Global
	GlobalSection(SolutionConfigurationPlatforms) = preSolution
		Debug|Any CPU = Debug|Any CPU
		Release|Any CPU = Release|Any CPU
	EndGlobalSection
	GlobalSection(ProjectConfigurationPlatforms) = postSolution
		{679A2DA3-00B1-432E-8977-EEE9BDB392FA}.Debug|Any CPU.ActiveCfg = Debug|Any CPU
		{679A2DA3-00B1-432E-8977-EEE9BDB392FA}.Debug|Any CPU.Build.0 = Debug|Any CPU
		{679A2DA3-00B1-432E-8977-EEE9BDB392FA}.Release|Any CPU.ActiveCfg = Release|Any CPU
		{679A2DA3-00B1-432E-8977-EEE9BDB392FA}.Release|Any CPU.Build.0 = Release|Any CPU
	EndGlobalSection
	GlobalSection(SolutionProperties) = preSolution
		HideSolutionNode = FALSE
	EndGlobalSection
	GlobalSection(ExtensibilityGlobals) = postSolution
		SolutionGuid = {5B5D6B68-2995-449D-AEEC-F79D9A4DF324}
	EndGlobalSection
EndGlobal
